// !$*UTF8*$!
{
	archiveVersion = 1;
	classes = {
	};
	objectVersion = 46;
	objects = {

/* Begin PBXBuildFile section */
		B219E71E1B73F71200DC1E15 /* Pin.swift in Sources */ = {isa = PBXBuildFile; fileRef = B219E71D1B73F71200DC1E15 /* Pin.swift */; };
		B219E7201B73FB0F00DC1E15 /* CoreDataStackManager.swift in Sources */ = {isa = PBXBuildFile; fileRef = B219E71F1B73FB0F00DC1E15 /* CoreDataStackManager.swift */; };
		B219E7221B75309100DC1E15 /* FlickrConstants.swift in Sources */ = {isa = PBXBuildFile; fileRef = B219E7211B75309100DC1E15 /* FlickrConstants.swift */; };
		B219E7241B7530BB00DC1E15 /* FlickrClient.swift in Sources */ = {isa = PBXBuildFile; fileRef = B219E7231B7530BB00DC1E15 /* FlickrClient.swift */; };
		B219E7261B753DA800DC1E15 /* FlickrConvenient.swift in Sources */ = {isa = PBXBuildFile; fileRef = B219E7251B753DA800DC1E15 /* FlickrConvenient.swift */; };
		B219E7291B754F2800DC1E15 /* MapKit.framework in Frameworks */ = {isa = PBXBuildFile; fileRef = B219E7281B754F2800DC1E15 /* MapKit.framework */; };
		B230B32D1B71F69200BC20AB /* AppDelegate.swift in Sources */ = {isa = PBXBuildFile; fileRef = B230B32C1B71F69200BC20AB /* AppDelegate.swift */; };
		B230B3301B71F69200BC20AB /* Virtual_Tourist.xcdatamodeld in Sources */ = {isa = PBXBuildFile; fileRef = B230B32E1B71F69200BC20AB /* Virtual_Tourist.xcdatamodeld */; };
		B230B3321B71F69200BC20AB /* VirtualTouristMap.swift in Sources */ = {isa = PBXBuildFile; fileRef = B230B3311B71F69200BC20AB /* VirtualTouristMap.swift */; };
		B230B3351B71F69200BC20AB /* Main.storyboard in Resources */ = {isa = PBXBuildFile; fileRef = B230B3331B71F69200BC20AB /* Main.storyboard */; };
		B230B3371B71F69200BC20AB /* Images.xcassets in Resources */ = {isa = PBXBuildFile; fileRef = B230B3361B71F69200BC20AB /* Images.xcassets */; };
		B230B33A1B71F69200BC20AB /* LaunchScreen.xib in Resources */ = {isa = PBXBuildFile; fileRef = B230B3381B71F69200BC20AB /* LaunchScreen.xib */; };
		B230B3461B71F69200BC20AB /* Virtual_TouristTests.swift in Sources */ = {isa = PBXBuildFile; fileRef = B230B3451B71F69200BC20AB /* Virtual_TouristTests.swift */; };
		B2E673611B88792A00B4F789 /* Photo.swift in Sources */ = {isa = PBXBuildFile; fileRef = B2E673601B88792A00B4F789 /* Photo.swift */; };
		B2E673651B888FA400B4F789 /* PhotoCollectionViewCell.swift in Sources */ = {isa = PBXBuildFile; fileRef = B2E673641B888FA400B4F789 /* PhotoCollectionViewCell.swift */; };
		B2E673671B888FE000B4F789 /* PhotoCollectionViewController.swift in Sources */ = {isa = PBXBuildFile; fileRef = B2E673661B888FE000B4F789 /* PhotoCollectionViewController.swift */; };
		B2E673691B88A81500B4F789 /* Ooops.jpg in Resources */ = {isa = PBXBuildFile; fileRef = B2E673681B88A81500B4F789 /* Ooops.jpg */; };
/* End PBXBuildFile section */

/* Begin PBXContainerItemProxy section */
		B230B3401B71F69200BC20AB /* PBXContainerItemProxy */ = {
			isa = PBXContainerItemProxy;
			containerPortal = B230B31F1B71F69200BC20AB /* Project object */;
			proxyType = 1;
			remoteGlobalIDString = B230B3261B71F69200BC20AB;
			remoteInfo = "Virtual Tourist";
		};
/* End PBXContainerItemProxy section */

/* Begin PBXFileReference section */
		B219E71D1B73F71200DC1E15 /* Pin.swift */ = {isa = PBXFileReference; fileEncoding = 4; lastKnownFileType = sourcecode.swift; path = Pin.swift; sourceTree = "<group>"; };
		B219E71F1B73FB0F00DC1E15 /* CoreDataStackManager.swift */ = {isa = PBXFileReference; fileEncoding = 4; lastKnownFileType = sourcecode.swift; path = CoreDataStackManager.swift; sourceTree = "<group>"; };
		B219E7211B75309100DC1E15 /* FlickrConstants.swift */ = {isa = PBXFileReference; fileEncoding = 4; lastKnownFileType = sourcecode.swift; path = FlickrConstants.swift; sourceTree = "<group>"; };
		B219E7231B7530BB00DC1E15 /* FlickrClient.swift */ = {isa = PBXFileReference; fileEncoding = 4; lastKnownFileType = sourcecode.swift; path = FlickrClient.swift; sourceTree = "<group>"; };
		B219E7251B753DA800DC1E15 /* FlickrConvenient.swift */ = {isa = PBXFileReference; fileEncoding = 4; lastKnownFileType = sourcecode.swift; path = FlickrConvenient.swift; sourceTree = "<group>"; };
		B219E7281B754F2800DC1E15 /* MapKit.framework */ = {isa = PBXFileReference; lastKnownFileType = wrapper.framework; name = MapKit.framework; path = System/Library/Frameworks/MapKit.framework; sourceTree = SDKROOT; };
		B230B3271B71F69200BC20AB /* Virtual Tourist.app */ = {isa = PBXFileReference; explicitFileType = wrapper.application; includeInIndex = 0; path = "Virtual Tourist.app"; sourceTree = BUILT_PRODUCTS_DIR; };
		B230B32B1B71F69200BC20AB /* Info.plist */ = {isa = PBXFileReference; lastKnownFileType = text.plist.xml; path = Info.plist; sourceTree = "<group>"; };
		B230B32C1B71F69200BC20AB /* AppDelegate.swift */ = {isa = PBXFileReference; lastKnownFileType = sourcecode.swift; path = AppDelegate.swift; sourceTree = "<group>"; };
		B230B32F1B71F69200BC20AB /* Virtual_Tourist.xcdatamodel */ = {isa = PBXFileReference; lastKnownFileType = wrapper.xcdatamodel; path = Virtual_Tourist.xcdatamodel; sourceTree = "<group>"; };
		B230B3311B71F69200BC20AB /* VirtualTouristMap.swift */ = {isa = PBXFileReference; lastKnownFileType = sourcecode.swift; path = VirtualTouristMap.swift; sourceTree = "<group>"; };
		B230B3341B71F69200BC20AB /* Base */ = {isa = PBXFileReference; lastKnownFileType = file.storyboard; name = Base; path = Base.lproj/Main.storyboard; sourceTree = "<group>"; };
		B230B3361B71F69200BC20AB /* Images.xcassets */ = {isa = PBXFileReference; lastKnownFileType = folder.assetcatalog; path = Images.xcassets; sourceTree = "<group>"; };
		B230B3391B71F69200BC20AB /* Base */ = {isa = PBXFileReference; lastKnownFileType = file.xib; name = Base; path = Base.lproj/LaunchScreen.xib; sourceTree = "<group>"; };
		B230B33F1B71F69200BC20AB /* Virtual TouristTests.xctest */ = {isa = PBXFileReference; explicitFileType = wrapper.cfbundle; includeInIndex = 0; path = "Virtual TouristTests.xctest"; sourceTree = BUILT_PRODUCTS_DIR; };
		B230B3441B71F69200BC20AB /* Info.plist */ = {isa = PBXFileReference; lastKnownFileType = text.plist.xml; path = Info.plist; sourceTree = "<group>"; };
		B230B3451B71F69200BC20AB /* Virtual_TouristTests.swift */ = {isa = PBXFileReference; lastKnownFileType = sourcecode.swift; path = Virtual_TouristTests.swift; sourceTree = "<group>"; };
		B2E673601B88792A00B4F789 /* Photo.swift */ = {isa = PBXFileReference; fileEncoding = 4; lastKnownFileType = sourcecode.swift; path = Photo.swift; sourceTree = "<group>"; };
		B2E673641B888FA400B4F789 /* PhotoCollectionViewCell.swift */ = {isa = PBXFileReference; fileEncoding = 4; lastKnownFileType = sourcecode.swift; path = PhotoCollectionViewCell.swift; sourceTree = "<group>"; };
		B2E673661B888FE000B4F789 /* PhotoCollectionViewController.swift */ = {isa = PBXFileReference; fileEncoding = 4; lastKnownFileType = sourcecode.swift; path = PhotoCollectionViewController.swift; sourceTree = "<group>"; };
		B2E673681B88A81500B4F789 /* Ooops.jpg */ = {isa = PBXFileReference; lastKnownFileType = image.jpeg; path = Ooops.jpg; sourceTree = "<group>"; };
/* End PBXFileReference section */

/* Begin PBXFrameworksBuildPhase section */
		B230B3241B71F69200BC20AB /* Frameworks */ = {
			isa = PBXFrameworksBuildPhase;
			buildActionMask = 2147483647;
			files = (
				B219E7291B754F2800DC1E15 /* MapKit.framework in Frameworks */,
			);
			runOnlyForDeploymentPostprocessing = 0;
		};
		B230B33C1B71F69200BC20AB /* Frameworks */ = {
			isa = PBXFrameworksBuildPhase;
			buildActionMask = 2147483647;
			files = (
			);
			runOnlyForDeploymentPostprocessing = 0;
		};
/* End PBXFrameworksBuildPhase section */

/* Begin PBXGroup section */
		B219E7271B753ECC00DC1E15 /* Flickr Client */ = {
			isa = PBXGroup;
			children = (
				B219E7211B75309100DC1E15 /* FlickrConstants.swift */,
				B219E7231B7530BB00DC1E15 /* FlickrClient.swift */,
				B219E7251B753DA800DC1E15 /* FlickrConvenient.swift */,
			);
			name = "Flickr Client";
			sourceTree = "<group>";
		};
		B230B31E1B71F69200BC20AB = {
			isa = PBXGroup;
			children = (
				B219E7281B754F2800DC1E15 /* MapKit.framework */,
				B230B3291B71F69200BC20AB /* Virtual Tourist */,
				B230B3421B71F69200BC20AB /* Virtual TouristTests */,
				B230B3281B71F69200BC20AB /* Products */,
			);
			sourceTree = "<group>";
		};
		B230B3281B71F69200BC20AB /* Products */ = {
			isa = PBXGroup;
			children = (
				B230B3271B71F69200BC20AB /* Virtual Tourist.app */,
				B230B33F1B71F69200BC20AB /* Virtual TouristTests.xctest */,
			);
			name = Products;
			sourceTree = "<group>";
		};
		B230B3291B71F69200BC20AB /* Virtual Tourist */ = {
			isa = PBXGroup;
			children = (
				B2E673631B887B4900B4F789 /* Data Objects */,
				B219E7271B753ECC00DC1E15 /* Flickr Client */,
				B219E71F1B73FB0F00DC1E15 /* CoreDataStackManager.swift */,
				B230B32C1B71F69200BC20AB /* AppDelegate.swift */,
				B230B3311B71F69200BC20AB /* VirtualTouristMap.swift */,
				B2E673661B888FE000B4F789 /* PhotoCollectionViewController.swift */,
				B2E673641B888FA400B4F789 /* PhotoCollectionViewCell.swift */,
				B230B3331B71F69200BC20AB /* Main.storyboard */,
				B230B3361B71F69200BC20AB /* Images.xcassets */,
				B2E673681B88A81500B4F789 /* Ooops.jpg */,
				B230B32E1B71F69200BC20AB /* Virtual_Tourist.xcdatamodeld */,
				B230B32A1B71F69200BC20AB /* Supporting Files */,
			);
			path = "Virtual Tourist";
			sourceTree = "<group>";
		};
		B230B32A1B71F69200BC20AB /* Supporting Files */ = {
			isa = PBXGroup;
			children = (
				B230B3381B71F69200BC20AB /* LaunchScreen.xib */,
				B230B32B1B71F69200BC20AB /* Info.plist */,
			);
			name = "Supporting Files";
			sourceTree = "<group>";
		};
		B230B3421B71F69200BC20AB /* Virtual TouristTests */ = {
			isa = PBXGroup;
			children = (
				B230B3451B71F69200BC20AB /* Virtual_TouristTests.swift */,
				B230B3431B71F69200BC20AB /* Supporting Files */,
			);
			path = "Virtual TouristTests";
			sourceTree = "<group>";
		};
		B230B3431B71F69200BC20AB /* Supporting Files */ = {
			isa = PBXGroup;
			children = (
				B230B3441B71F69200BC20AB /* Info.plist */,
			);
			name = "Supporting Files";
			sourceTree = "<group>";
		};
		B2E673631B887B4900B4F789 /* Data Objects */ = {
			isa = PBXGroup;
			children = (
				B219E71D1B73F71200DC1E15 /* Pin.swift */,
				B2E673601B88792A00B4F789 /* Photo.swift */,
			);
			name = "Data Objects";
			sourceTree = "<group>";
		};
/* End PBXGroup section */

/* Begin PBXNativeTarget section */
		B230B3261B71F69200BC20AB /* Virtual Tourist */ = {
			isa = PBXNativeTarget;
			buildConfigurationList = B230B3491B71F69200BC20AB /* Build configuration list for PBXNativeTarget "Virtual Tourist" */;
			buildPhases = (
				B230B3231B71F69200BC20AB /* Sources */,
				B230B3241B71F69200BC20AB /* Frameworks */,
				B230B3251B71F69200BC20AB /* Resources */,
			);
			buildRules = (
			);
			dependencies = (
			);
			name = "Virtual Tourist";
			productName = "Virtual Tourist";
			productReference = B230B3271B71F69200BC20AB /* Virtual Tourist.app */;
			productType = "com.apple.product-type.application";
		};
		B230B33E1B71F69200BC20AB /* Virtual TouristTests */ = {
			isa = PBXNativeTarget;
			buildConfigurationList = B230B34C1B71F69200BC20AB /* Build configuration list for PBXNativeTarget "Virtual TouristTests" */;
			buildPhases = (
				B230B33B1B71F69200BC20AB /* Sources */,
				B230B33C1B71F69200BC20AB /* Frameworks */,
				B230B33D1B71F69200BC20AB /* Resources */,
			);
			buildRules = (
			);
			dependencies = (
				B230B3411B71F69200BC20AB /* PBXTargetDependency */,
			);
			name = "Virtual TouristTests";
			productName = "Virtual TouristTests";
			productReference = B230B33F1B71F69200BC20AB /* Virtual TouristTests.xctest */;
			productType = "com.apple.product-type.bundle.unit-test";
		};
/* End PBXNativeTarget section */

/* Begin PBXProject section */
		B230B31F1B71F69200BC20AB /* Project object */ = {
			isa = PBXProject;
			attributes = {
				LastUpgradeCheck = 0640;
				ORGANIZATIONNAME = "Abdallah ElMenoufy";
				TargetAttributes = {
					B230B3261B71F69200BC20AB = {
						CreatedOnToolsVersion = 6.4;
						SystemCapabilities = {
							com.apple.Maps.iOS = {
								enabled = 1;
							};
						};
					};
					B230B33E1B71F69200BC20AB = {
						CreatedOnToolsVersion = 6.4;
						TestTargetID = B230B3261B71F69200BC20AB;
					};
				};
			};
			buildConfigurationList = B230B3221B71F69200BC20AB /* Build configuration list for PBXProject "Virtual Tourist" */;
			compatibilityVersion = "Xcode 3.2";
			developmentRegion = English;
			hasScannedForEncodings = 0;
			knownRegions = (
				en,
				Base,
			);
			mainGroup = B230B31E1B71F69200BC20AB;
			productRefGroup = B230B3281B71F69200BC20AB /* Products */;
			projectDirPath = "";
			projectRoot = "";
			targets = (
				B230B3261B71F69200BC20AB /* Virtual Tourist */,
				B230B33E1B71F69200BC20AB /* Virtual TouristTests */,
			);
		};
/* End PBXProject section */

/* Begin PBXResourcesBuildPhase section */
		B230B3251B71F69200BC20AB /* Resources */ = {
			isa = PBXResourcesBuildPhase;
			buildActionMask = 2147483647;
			files = (
				B2E673691B88A81500B4F789 /* Ooops.jpg in Resources */,
				B230B3351B71F69200BC20AB /* Main.storyboard in Resources */,
				B230B33A1B71F69200BC20AB /* LaunchScreen.xib in Resources */,
				B230B3371B71F69200BC20AB /* Images.xcassets in Resources */,
			);
			runOnlyForDeploymentPostprocessing = 0;
		};
		B230B33D1B71F69200BC20AB /* Resources */ = {
			isa = PBXResourcesBuildPhase;
			buildActionMask = 2147483647;
			files = (
			);
			runOnlyForDeploymentPostprocessing = 0;
		};
/* End PBXResourcesBuildPhase section */

/* Begin PBXSourcesBuildPhase section */
		B230B3231B71F69200BC20AB /* Sources */ = {
			isa = PBXSourcesBuildPhase;
			buildActionMask = 2147483647;
			files = (
				B230B3321B71F69200BC20AB /* VirtualTouristMap.swift in Sources */,
				B2E673651B888FA400B4F789 /* PhotoCollectionViewCell.swift in Sources */,
				B230B3301B71F69200BC20AB /* Virtual_Tourist.xcdatamodeld in Sources */,
				B219E7241B7530BB00DC1E15 /* FlickrClient.swift in Sources */,
				B2E673611B88792A00B4F789 /* Photo.swift in Sources */,
				B230B32D1B71F69200BC20AB /* AppDelegate.swift in Sources */,
				B219E7201B73FB0F00DC1E15 /* CoreDataStackManager.swift in Sources */,
				B219E7221B75309100DC1E15 /* FlickrConstants.swift in Sources */,
				B2E673671B888FE000B4F789 /* PhotoCollectionViewController.swift in Sources */,
				B219E7261B753DA800DC1E15 /* FlickrConvenient.swift in Sources */,
				B219E71E1B73F71200DC1E15 /* Pin.swift in Sources */,
			);
			runOnlyForDeploymentPostprocessing = 0;
		};
		B230B33B1B71F69200BC20AB /* Sources */ = {
			isa = PBXSourcesBuildPhase;
			buildActionMask = 2147483647;
			files = (
				B230B3461B71F69200BC20AB /* Virtual_TouristTests.swift in Sources */,
			);
			runOnlyForDeploymentPostprocessing = 0;
		};
/* End PBXSourcesBuildPhase section */

/* Begin PBXTargetDependency section */
		B230B3411B71F69200BC20AB /* PBXTargetDependency */ = {
			isa = PBXTargetDependency;
			target = B230B3261B71F69200BC20AB /* Virtual Tourist */;
			targetProxy = B230B3401B71F69200BC20AB /* PBXContainerItemProxy */;
		};
/* End PBXTargetDependency section */

/* Begin PBXVariantGroup section */
		B230B3331B71F69200BC20AB /* Main.storyboard */ = {
			isa = PBXVariantGroup;
			children = (
				B230B3341B71F69200BC20AB /* Base */,
			);
			name = Main.storyboard;
			sourceTree = "<group>";
		};
		B230B3381B71F69200BC20AB /* LaunchScreen.xib */ = {
			isa = PBXVariantGroup;
			children = (
				B230B3391B71F69200BC20AB /* Base */,
			);
			name = LaunchScreen.xib;
			sourceTree = "<group>";
		};
/* End PBXVariantGroup section */

/* Begin XCBuildConfiguration section */
		B230B3471B71F69200BC20AB /* Debug */ = {
			isa = XCBuildConfiguration;
			buildSettings = {
				ALWAYS_SEARCH_USER_PATHS = NO;
				CLANG_CXX_LANGUAGE_STANDARD = "gnu++0x";
				CLANG_CXX_LIBRARY = "libc++";
				CLANG_ENABLE_MODULES = YES;
				CLANG_ENABLE_OBJC_ARC = YES;
				CLANG_WARN_BOOL_CONVERSION = YES;
				CLANG_WARN_CONSTANT_CONVERSION = YES;
				CLANG_WARN_DIRECT_OBJC_ISA_USAGE = YES_ERROR;
				CLANG_WARN_EMPTY_BODY = YES;
				CLANG_WARN_ENUM_CONVERSION = YES;
				CLANG_WARN_INT_CONVERSION = YES;
				CLANG_WARN_OBJC_ROOT_CLASS = YES_ERROR;
				CLANG_WARN_UNREACHABLE_CODE = YES;
				CLANG_WARN__DUPLICATE_METHOD_MATCH = YES;
				"CODE_SIGN_IDENTITY[sdk=iphoneos*]" = "iPhone Developer";
				COPY_PHASE_STRIP = NO;
				DEBUG_INFORMATION_FORMAT = "dwarf-with-dsym";
				ENABLE_STRICT_OBJC_MSGSEND = YES;
				GCC_C_LANGUAGE_STANDARD = gnu99;
				GCC_DYNAMIC_NO_PIC = NO;
				GCC_NO_COMMON_BLOCKS = YES;
				GCC_OPTIMIZATION_LEVEL = 0;
				GCC_PREPROCESSOR_DEFINITIONS = (
					"DEBUG=1",
					"$(inherited)",
				);
				GCC_SYMBOLS_PRIVATE_EXTERN = NO;
				GCC_WARN_64_TO_32_BIT_CONVERSION = YES;
				GCC_WARN_ABOUT_RETURN_TYPE = YES_ERROR;
				GCC_WARN_UNDECLARED_SELECTOR = YES;
				GCC_WARN_UNINITIALIZED_AUTOS = YES_AGGRESSIVE;
				GCC_WARN_UNUSED_FUNCTION = YES;
				GCC_WARN_UNUSED_VARIABLE = YES;
				IPHONEOS_DEPLOYMENT_TARGET = 8.4;
				MTL_ENABLE_DEBUG_INFO = YES;
				ONLY_ACTIVE_ARCH = YES;
				SDKROOT = iphoneos;
				SWIFT_OPTIMIZATION_LEVEL = "-Onone";
			};
			name = Debug;
		};
		B230B3481B71F69200BC20AB /* Release */ = {
			isa = XCBuildConfiguration;
			buildSettings = {
				ALWAYS_SEARCH_USER_PATHS = NO;
				CLANG_CXX_LANGUAGE_STANDARD = "gnu++0x";
				CLANG_CXX_LIBRARY = "libc++";
				CLANG_ENABLE_MODULES = YES;
				CLANG_ENABLE_OBJC_ARC = YES;
				CLANG_WARN_BOOL_CONVERSION = YES;
				CLANG_WARN_CONSTANT_CONVERSION = YES;
				CLANG_WARN_DIRECT_OBJC_ISA_USAGE = YES_ERROR;
				CLANG_WARN_EMPTY_BODY = YES;
				CLANG_WARN_ENUM_CONVERSION = YES;
				CLANG_WARN_INT_CONVERSION = YES;
				CLANG_WARN_OBJC_ROOT_CLASS = YES_ERROR;
				CLANG_WARN_UNREACHABLE_CODE = YES;
				CLANG_WARN__DUPLICATE_METHOD_MATCH = YES;
				"CODE_SIGN_IDENTITY[sdk=iphoneos*]" = "iPhone Developer";
				COPY_PHASE_STRIP = NO;
				DEBUG_INFORMATION_FORMAT = "dwarf-with-dsym";
				ENABLE_NS_ASSERTIONS = NO;
				ENABLE_STRICT_OBJC_MSGSEND = YES;
				GCC_C_LANGUAGE_STANDARD = gnu99;
				GCC_NO_COMMON_BLOCKS = YES;
				GCC_WARN_64_TO_32_BIT_CONVERSION = YES;
				GCC_WARN_ABOUT_RETURN_TYPE = YES_ERROR;
				GCC_WARN_UNDECLARED_SELECTOR = YES;
				GCC_WARN_UNINITIALIZED_AUTOS = YES_AGGRESSIVE;
				GCC_WARN_UNUSED_FUNCTION = YES;
				GCC_WARN_UNUSED_VARIABLE = YES;
				IPHONEOS_DEPLOYMENT_TARGET = 8.4;
				MTL_ENABLE_DEBUG_INFO = NO;
				SDKROOT = iphoneos;
				VALIDATE_PRODUCT = YES;
			};
			name = Release;
		};
		B230B34A1B71F69200BC20AB /* Debug */ = {
			isa = XCBuildConfiguration;
			buildSettings = {
				ASSETCATALOG_COMPILER_APPICON_NAME = AppIcon;
				INFOPLIST_FILE = "Virtual Tourist/Info.plist";
				LD_RUNPATH_SEARCH_PATHS = "$(inherited) @executable_path/Frameworks";
				PRODUCT_NAME = "$(TARGET_NAME)";
			};
			name = Debug;
		};
		B230B34B1B71F69200BC20AB /* Release */ = {
			isa = XCBuildConfiguration;
			buildSettings = {
				ASSETCATALOG_COMPILER_APPICON_NAME = AppIcon;
				INFOPLIST_FILE = "Virtual Tourist/Info.plist";
				LD_RUNPATH_SEARCH_PATHS = "$(inherited) @executable_path/Frameworks";
				PRODUCT_NAME = "$(TARGET_NAME)";
			};
			name = Release;
		};
		B230B34D1B71F69200BC20AB /* Debug */ = {
			isa = XCBuildConfiguration;
			buildSettings = {
				BUNDLE_LOADER = "$(TEST_HOST)";
				FRAMEWORK_SEARCH_PATHS = (
					"$(SDKROOT)/Developer/Library/Frameworks",
					"$(inherited)",
				);
				GCC_PREPROCESSOR_DEFINITIONS = (
					"DEBUG=1",
					"$(inherited)",
				);
				INFOPLIST_FILE = "Virtual TouristTests/Info.plist";
				LD_RUNPATH_SEARCH_PATHS = "$(inherited) @executable_path/Frameworks @loader_path/Frameworks";
				PRODUCT_NAME = "$(TARGET_NAME)";
				TEST_HOST = "$(BUILT_PRODUCTS_DIR)/Virtual Tourist.app/Virtual Tourist";
			};
			name = Debug;
		};
		B230B34E1B71F69200BC20AB /* Release */ = {
			isa = XCBuildConfiguration;
			buildSettings = {
				BUNDLE_LOADER = "$(TEST_HOST)";
				FRAMEWORK_SEARCH_PATHS = (
					"$(SDKROOT)/Developer/Library/Frameworks",
					"$(inherited)",
				);
				INFOPLIST_FILE = "Virtual TouristTests/Info.plist";
				LD_RUNPATH_SEARCH_PATHS = "$(inherited) @executable_path/Frameworks @loader_path/Frameworks";
				PRODUCT_NAME = "$(TARGET_NAME)";
				TEST_HOST = "$(BUILT_PRODUCTS_DIR)/Virtual Tourist.app/Virtual Tourist";
			};
			name = Release;
		};
/* End XCBuildConfiguration section */

/* Begin XCConfigurationList section */
		B230B3221B71F69200BC20AB /* Build configuration list for PBXProject "Virtual Tourist" */ = {
			isa = XCConfigurationList;
			buildConfigurations = (
				B230B3471B71F69200BC20AB /* Debug */,
				B230B3481B71F69200BC20AB /* Release */,
			);
			defaultConfigurationIsVisible = 0;
			defaultConfigurationName = Release;
		};
		B230B3491B71F69200BC20AB /* Build configuration list for PBXNativeTarget "Virtual Tourist" */ = {
			isa = XCConfigurationList;
			buildConfigurations = (
				B230B34A1B71F69200BC20AB /* Debug */,
				B230B34B1B71F69200BC20AB /* Release */,
			);
			defaultConfigurationIsVisible = 0;
			defaultConfigurationName = Release;
		};
		B230B34C1B71F69200BC20AB /* Build configuration list for PBXNativeTarget "Virtual TouristTests" */ = {
			isa = XCConfigurationList;
			buildConfigurations = (
				B230B34D1B71F69200BC20AB /* Debug */,
				B230B34E1B71F69200BC20AB /* Release */,
			);
			defaultConfigurationIsVisible = 0;
			defaultConfigurationName = Release;
		};
/* End XCConfigurationList section */

/* Begin XCVersionGroup section */
		B230B32E1B71F69200BC20AB /* Virtual_Tourist.xcdatamodeld */ = {
			isa = XCVersionGroup;
			children = (
				B230B32F1B71F69200BC20AB /* Virtual_Tourist.xcdatamodel */,
			);
			currentVersion = B230B32F1B71F69200BC20AB /* Virtual_Tourist.xcdatamodel */;
			path = Virtual_Tourist.xcdatamodeld;
			sourceTree = "<group>";
			versionGroupType = wrapper.xcdatamodel;
		};
/* End XCVersionGroup section */
	};
	rootObject = B230B31F1B71F69200BC20AB /* Project object */;
}
